
Microsoft Visual Studio Solution File, Format Version 12.00
# Visual Studio 15
VisualStudioVersion = 15.0.27703.2042
MinimumVisualStudioVersion = 10.0.40219.1
Project("{FAE04EC0-301F-11D3-BF4B-00C04F79EFBC}") = "Yatt", "Yatt\Yatt.csproj", "{70A5C325-8D4B-4FAA-9099-08FE55B834EF}"
EndProject
Project("{FAE04EC0-301F-11D3-BF4B-00C04F79EFBC}") = "YattExport", "YattExport\YattExport.csproj", "{114E1F25-3DF8-43B9-990F-89B540A2A406}"
EndProject
Global
	GlobalSection(SolutionConfigurationPlatforms) = preSolution
		Debug|Any CPU = Debug|Any CPU
		Release|Any CPU = Release|Any CPU
	EndGlobalSection
	GlobalSection(ProjectConfigurationPlatforms) = postSolution
		{70A5C325-8D4B-4FAA-9099-08FE55B834EF}.Debug|Any CPU.ActiveCfg = Debug|Any CPU
		{70A5C325-8D4B-4FAA-9099-08FE55B834EF}.Debug|Any CPU.Build.0 = Debug|Any CPU
		{70A5C325-8D4B-4FAA-9099-08FE55B834EF}.Release|Any CPU.ActiveCfg = Release|Any CPU
		{70A5C325-8D4B-4FAA-9099-08FE55B834EF}.Release|Any CPU.Build.0 = Release|Any CPU
		{114E1F25-3DF8-43B9-990F-89B540A2A406}.Debug|Any CPU.ActiveCfg = Debug|Any CPU
		{114E1F25-3DF8-43B9-990F-89B540A2A406}.Debug|Any CPU.Build.0 = Debug|Any CPU
		{114E1F25-3DF8-43B9-990F-89B540A2A406}.Release|Any CPU.ActiveCfg = Release|Any CPU
		{114E1F25-3DF8-43B9-990F-89B540A2A406}.Release|Any CPU.Build.0 = Release|Any CPU
	EndGlobalSection
	GlobalSection(SolutionProperties) = preSolution
		HideSolutionNode = FALSE
	EndGlobalSection
	GlobalSection(ExtensibilityGlobals) = postSolution
		SolutionGuid = {AB3E5225-7576-4E95-9196-081560CC1691}
	EndGlobalSection
EndGlobal
